{
  "name": "Portofolio",
  "lockfileVersion": 3,
  "requires": true,
  "packages": {
    "": {
      "dependencies": {
        "tailwind-scrollbar-hide": "^2.0.0",
        "taos": "^1.0.5"
      }
    },
    "node_modules/tailwind-scrollbar-hide": {
      "version": "2.0.0",
      "resolved": "https://registry.npmjs.org/tailwind-scrollbar-hide/-/tailwind-scrollbar-hide-2.0.0.tgz",
      "integrity": "sha512-lqiIutHliEiODwBRHy4G2+Tcayo2U7+3+4frBmoMETD72qtah+XhOk5XcPzC1nJvXhXUdfl2ajlMhUc2qC6CIg==",
      "peerDependencies": {
        "tailwindcss": ">=3.0.0 || >= 4.0.0 || >= 4.0.0-beta.8 || >= 4.0.0-alpha.20"
      }
    },
    "node_modules/tailwindcss": {
      "version": "4.0.6",
      "resolved": "https://registry.npmjs.org/tailwindcss/-/tailwindcss-4.0.6.tgz",
      "integrity": "sha512-mysewHYJKaXgNOW6pp5xon/emCsfAMnO8WMaGKZZ35fomnR/T5gYnRg2/yRTTrtXiEl1tiVkeRt0eMO6HxEZqw==",
      "peer": true
    },
    "node_modules/taos": {
      "version": "1.0.5",
      "resolved": "https://registry.npmjs.org/taos/-/taos-1.0.5.tgz",
      "integrity": "sha512-JSwR+ldec2dSjOnssN/VGjXSR44DbzUVeAXRDVEuMsc7xndx8ePcQ4QMAMUAL5V4KN1wlmhumyQ7aSykDf8uhw=="
    }
  }
}
